<?xml version="1.0" encoding="utf-8"?>
<Project ToolsVersion="4.0" xmlns="http://schemas.microsoft.com/developer/msbuild/2003">
  <ItemGroup>
    <Filter Include="소스 파일">
      <UniqueIdentifier>{4FC737F1-C7A5-4376-A066-2A32D752A2FF}</UniqueIdentifier>
      <Extensions>cpp;c;cc;cxx;c++;cppm;ixx;def;odl;idl;hpj;bat;asm;asmx</Extensions>
    </Filter>
    <Filter Include="헤더 파일">
      <UniqueIdentifier>{93995380-89BD-4b04-88EB-625FBE52EBFB}</UniqueIdentifier>
      <Extensions>h;hh;hpp;hxx;h++;hm;inl;inc;ipp;xsd</Extensions>
    </Filter>
    <Filter Include="리소스 파일">
      <UniqueIdentifier>{67DA6AB6-F800-4c08-8B7A-83BB121AAD01}</UniqueIdentifier>
      <Extensions>rc;ico;cur;bmp;dlg;rc2;rct;bin;rgs;gif;jpg;jpeg;jpe;resx;tiff;tif;png;wav;mfcribbon-ms</Extensions>
    </Filter>
    <Filter Include="Engine">
      <UniqueIdentifier>{f771c8c2-a8a6-4fb1-9fed-3279917b8fa3}</UniqueIdentifier>
    </Filter>
    <Filter Include="Engine\Core">
      <UniqueIdentifier>{5e8a7cc1-8ae4-489e-b7eb-4e2f1f9a4e9b}</UniqueIdentifier>
    </Filter>
    <Filter Include="Util">
      <UniqueIdentifier>{36eb40e0-4b84-42f3-bd41-06c8ed18f0e7}</UniqueIdentifier>
    </Filter>
    <Filter Include="Object">
      <UniqueIdentifier>{b75c7ab5-e9ac-4bf9-9f0e-671d43db16ec}</UniqueIdentifier>
    </Filter>
    <Filter Include="Engine\Manager">
      <UniqueIdentifier>{1e0dd3c9-84f3-428f-8079-cd29857a5233}</UniqueIdentifier>
    </Filter>
    <Filter Include="Scene">
      <UniqueIdentifier>{ba334e97-7748-4f45-8519-a2804624b0b8}</UniqueIdentifier>
    </Filter>
    <Filter Include="Resouce">
      <UniqueIdentifier>{7d41d1e4-dcea-4ae2-afc4-bc5893bbd5c3}</UniqueIdentifier>
    </Filter>
    <Filter Include="Resouce\Texture">
      <UniqueIdentifier>{55c046b8-ab3d-48e8-8b4e-8e6fccc09d75}</UniqueIdentifier>
    </Filter>
    <Filter Include="Resouce\Sound">
      <UniqueIdentifier>{f088250d-4f33-47bc-84cf-d28792e60b4a}</UniqueIdentifier>
    </Filter>
    <Filter Include="Engine\Component">
      <UniqueIdentifier>{4c795fc9-5909-460d-a0bb-a19557c9e69a}</UniqueIdentifier>
    </Filter>
    <Filter Include="Engine\Component\Collider">
      <UniqueIdentifier>{8e1098bb-084b-4293-a467-fec1aa4985e1}</UniqueIdentifier>
    </Filter>
    <Filter Include="Engine\Component\Animator">
      <UniqueIdentifier>{1209e5ef-2c30-47c7-a534-fd0e085e2ee1}</UniqueIdentifier>
    </Filter>
    <Filter Include="Engine\Component\Animator\Animation">
      <UniqueIdentifier>{a2dc5a2d-5c20-4e1a-919a-856815c3db28}</UniqueIdentifier>
    </Filter>
    <Filter Include="Object\Tile">
      <UniqueIdentifier>{30e0c577-8d4e-443b-a91a-f7f7ac0f64f7}</UniqueIdentifier>
    </Filter>
    <Filter Include="Object\UI">
      <UniqueIdentifier>{e6177611-ca95-4efd-98d5-4a87ca547807}</UniqueIdentifier>
    </Filter>
    <Filter Include="Object\Character">
      <UniqueIdentifier>{a0374c23-f28b-40d4-a4f4-380a7473d4b0}</UniqueIdentifier>
    </Filter>
    <Filter Include="Resouce\CD2DImage">
      <UniqueIdentifier>{7be60d72-5b7b-4f9d-b116-6bc827b05510}</UniqueIdentifier>
    </Filter>
    <Filter Include="Object\Character\Player">
      <UniqueIdentifier>{bda385a6-2beb-438b-a153-df5b538129ed}</UniqueIdentifier>
    </Filter>
    <Filter Include="Object\Character\Monster">
      <UniqueIdentifier>{765d3afe-6f2c-41ee-8ca8-8ec1fb1ae98b}</UniqueIdentifier>
    </Filter>
    <Filter Include="Scene\Scene_Main">
      <UniqueIdentifier>{320de6a6-4a83-4c0a-8b4a-b46106e62553}</UniqueIdentifier>
    </Filter>
    <Filter Include="Scene\Scene_Test">
      <UniqueIdentifier>{112782d4-7bdf-4ec2-9e50-801f3befcb4c}</UniqueIdentifier>
    </Filter>
    <Filter Include="Object\BackGround">
      <UniqueIdentifier>{baf2f988-f6ce-40b1-893f-81299cebe4a1}</UniqueIdentifier>
    </Filter>
    <Filter Include="Engine\Component\Statu">
      <UniqueIdentifier>{33531023-bfea-41ea-9266-854471eb7bc2}</UniqueIdentifier>
    </Filter>
    <Filter Include="Object\UI\MainButton">
      <UniqueIdentifier>{c6e13789-55e5-4563-9fe2-a38729689f3f}</UniqueIdentifier>
    </Filter>
    <Filter Include="Object\UI\ParentUI">
      <UniqueIdentifier>{e7da3e96-d92d-4e13-8fca-6ca6ca3fb0e1}</UniqueIdentifier>
    </Filter>
    <Filter Include="Object\UI\ToolButton">
      <UniqueIdentifier>{ef5864e9-a7dc-408d-b362-7a111ec8b118}</UniqueIdentifier>
    </Filter>
    <Filter Include="Scene\Village">
      <UniqueIdentifier>{d841a7c2-10ff-464e-b959-088672153cde}</UniqueIdentifier>
    </Filter>
    <Filter Include="Object\Character\Player\item">
      <UniqueIdentifier>{373e7f90-48bc-460a-bc86-7a080b12d292}</UniqueIdentifier>
    </Filter>
    <Filter Include="Object\Character\Player\item\Equipment">
      <UniqueIdentifier>{9a9e91f1-4fe9-4ab3-a2d8-b84eab9b53f1}</UniqueIdentifier>
    </Filter>
    <Filter Include="Object\Character\Player\item\GameItem">
      <UniqueIdentifier>{e4a24220-a326-4dc2-9b2e-adb9dae6a244}</UniqueIdentifier>
    </Filter>
    <Filter Include="Object\Character\Player\item\Equipment\Weapon">
      <UniqueIdentifier>{0a8bfcbc-aa2b-4ff5-b89f-7739aa54f977}</UniqueIdentifier>
    </Filter>
    <Filter Include="Object\Character\Player\item\Equipment\Accessories">
      <UniqueIdentifier>{35c43299-5e5f-404a-85be-4cd0bd69dcce}</UniqueIdentifier>
    </Filter>
  </ItemGroup>
  <ItemGroup>
    <ClInclude Include="framework.h">
      <Filter>헤더 파일</Filter>
    </ClInclude>
    <ClInclude Include="targetver.h">
      <Filter>헤더 파일</Filter>
    </ClInclude>
    <ClInclude Include="Resource.h">
      <Filter>헤더 파일</Filter>
    </ClInclude>
    <ClInclude Include="WinApi2D.h">
      <Filter>헤더 파일</Filter>
    </ClInclude>
    <ClInclude Include="CCore.h">
      <Filter>Engine\Core</Filter>
    </ClInclude>
    <ClInclude Include="SingleTon.h">
      <Filter>Util</Filter>
    </ClInclude>
    <ClInclude Include="CGameObject.h">
      <Filter>Object</Filter>
    </ClInclude>
    <ClInclude Include="struct.h">
      <Filter>Util</Filter>
    </ClInclude>
    <ClInclude Include="CTimeManager.h">
      <Filter>Engine\Manager</Filter>
    </ClInclude>
    <ClInclude Include="CKeyManager.h">
      <Filter>Engine\Manager</Filter>
    </ClInclude>
    <ClInclude Include="CScene.h">
      <Filter>Scene</Filter>
    </ClInclude>
    <ClInclude Include="CSceneManager.h">
      <Filter>Engine\Manager</Filter>
    </ClInclude>
    <ClInclude Include="CResource.h">
      <Filter>Resouce</Filter>
    </ClInclude>
    <ClInclude Include="CTexture.h">
      <Filter>Resouce\Texture</Filter>
    </ClInclude>
    <ClInclude Include="CSound.h">
      <Filter>Resouce\Sound</Filter>
    </ClInclude>
    <ClInclude Include="CPathManager.h">
      <Filter>Engine\Manager</Filter>
    </ClInclude>
    <ClInclude Include="Logger.h">
      <Filter>Util</Filter>
    </ClInclude>
    <ClInclude Include="CResourceManager.h">
      <Filter>Engine\Manager</Filter>
    </ClInclude>
    <ClInclude Include="CCollider.h">
      <Filter>Engine\Component\Collider</Filter>
    </ClInclude>
    <ClInclude Include="CCollisionManager.h">
      <Filter>Engine\Manager</Filter>
    </ClInclude>
    <ClInclude Include="CEventManager.h">
      <Filter>Engine\Manager</Filter>
    </ClInclude>
    <ClInclude Include="CAnimator.h">
      <Filter>Engine\Component\Animator</Filter>
    </ClInclude>
    <ClInclude Include="CAnimation.h">
      <Filter>Engine\Component\Animator\Animation</Filter>
    </ClInclude>
    <ClInclude Include="CCameraManager.h">
      <Filter>Engine\Manager</Filter>
    </ClInclude>
    <ClInclude Include="CTile.h">
      <Filter>Object\Tile</Filter>
    </ClInclude>
    <ClInclude Include="CUIManager.h">
      <Filter>Engine\Manager</Filter>
    </ClInclude>
    <ClInclude Include="CSoundManager.h">
      <Filter>Engine\Manager</Filter>
    </ClInclude>
    <ClInclude Include="CD2DImage.h">
      <Filter>Resouce\CD2DImage</Filter>
    </ClInclude>
    <ClInclude Include="CRenderManager.h">
      <Filter>Engine\Manager</Filter>
    </ClInclude>
    <ClInclude Include="CStatu.h">
      <Filter>Engine\Component\Statu</Filter>
    </ClInclude>
    <ClInclude Include="CPlayer.h">
      <Filter>Object\Character\Player</Filter>
    </ClInclude>
    <ClInclude Include="CMonster.h">
      <Filter>Object\Character\Monster</Filter>
    </ClInclude>
    <ClInclude Include="CMissile.h">
      <Filter>Object\Character\Player</Filter>
    </ClInclude>
    <ClInclude Include="CItem.h">
      <Filter>Object\Character\Player\item</Filter>
    </ClInclude>
    <ClInclude Include="CSceneMain.h">
      <Filter>Scene\Scene_Main</Filter>
    </ClInclude>
    <ClInclude Include="CSceneTest.h">
      <Filter>Scene\Scene_Test</Filter>
    </ClInclude>
    <ClInclude Include="CBackGround.h">
      <Filter>Object\BackGround</Filter>
    </ClInclude>
    <ClInclude Include="CInOutButton.h">
      <Filter>Object\UI\MainButton</Filter>
    </ClInclude>
    <ClInclude Include="CButtonUI.h">
      <Filter>Object\UI\ParentUI</Filter>
    </ClInclude>
    <ClInclude Include="CPanelUI.h">
      <Filter>Object\UI\ParentUI</Filter>
    </ClInclude>
    <ClInclude Include="CUI.h">
      <Filter>Object\UI\ParentUI</Filter>
    </ClInclude>
    <ClInclude Include="CTileButton.h">
      <Filter>Object\UI\ToolButton</Filter>
    </ClInclude>
    <ClInclude Include="CScene_Tool.h">
      <Filter>Scene\Scene_Test</Filter>
    </ClInclude>
    <ClInclude Include="CSceneVillage.h">
      <Filter>Scene\Village</Filter>
    </ClInclude>
    <ClInclude Include="CEquipment.h">
      <Filter>Object\Character\Player\item\Equipment</Filter>
    </ClInclude>
    <ClInclude Include="CGameItem.h">
      <Filter>Object\Character\Player\item\GameItem</Filter>
    </ClInclude>
    <ClInclude Include="CWeapon.h">
      <Filter>Object\Character\Player\item\Equipment\Weapon</Filter>
    </ClInclude>
    <ClInclude Include="CAccessories.h">
      <Filter>Object\Character\Player\item\Equipment\Accessories</Filter>
    </ClInclude>
    <ClInclude Include="CPlayerAttack.h">
      <Filter>Object\Character\Player</Filter>
    </ClInclude>
  </ItemGroup>
  <ItemGroup>
    <ClCompile Include="WinApi2D.cpp">
      <Filter>소스 파일</Filter>
    </ClCompile>
    <ClCompile Include="CCore.cpp">
      <Filter>Engine\Core</Filter>
    </ClCompile>
    <ClCompile Include="CGameObject.cpp">
      <Filter>Object</Filter>
    </ClCompile>
    <ClCompile Include="CTimeManager.cpp">
      <Filter>Engine\Manager</Filter>
    </ClCompile>
    <ClCompile Include="CKeyManager.cpp">
      <Filter>Engine\Manager</Filter>
    </ClCompile>
    <ClCompile Include="CScene.cpp">
      <Filter>Scene</Filter>
    </ClCompile>
    <ClCompile Include="CSceneManager.cpp">
      <Filter>Engine\Manager</Filter>
    </ClCompile>
    <ClCompile Include="CResource.cpp">
      <Filter>Resouce</Filter>
    </ClCompile>
    <ClCompile Include="CTexture.cpp">
      <Filter>Resouce\Texture</Filter>
    </ClCompile>
    <ClCompile Include="CSound.cpp">
      <Filter>Resouce\Sound</Filter>
    </ClCompile>
    <ClCompile Include="CPathManager.cpp">
      <Filter>Engine\Manager</Filter>
    </ClCompile>
    <ClCompile Include="CResourceManager.cpp">
      <Filter>Engine\Manager</Filter>
    </ClCompile>
    <ClCompile Include="CCollider.cpp">
      <Filter>Engine\Component\Collider</Filter>
    </ClCompile>
    <ClCompile Include="CCollisionManager.cpp">
      <Filter>Engine\Manager</Filter>
    </ClCompile>
    <ClCompile Include="CEventManager.cpp">
      <Filter>Engine\Manager</Filter>
    </ClCompile>
    <ClCompile Include="CAnimator.cpp">
      <Filter>Engine\Component\Animator</Filter>
    </ClCompile>
    <ClCompile Include="CAnimation.cpp">
      <Filter>Engine\Component\Animator\Animation</Filter>
    </ClCompile>
    <ClCompile Include="CCameraManager.cpp">
      <Filter>Engine\Manager</Filter>
    </ClCompile>
    <ClCompile Include="CTile.cpp">
      <Filter>Object\Tile</Filter>
    </ClCompile>
    <ClCompile Include="CUIManager.cpp">
      <Filter>Engine\Manager</Filter>
    </ClCompile>
    <ClCompile Include="CSoundManager.cpp">
      <Filter>Engine\Manager</Filter>
    </ClCompile>
    <ClCompile Include="CD2DImage.cpp">
      <Filter>Resouce\CD2DImage</Filter>
    </ClCompile>
    <ClCompile Include="CRenderManager.cpp">
      <Filter>Engine\Manager</Filter>
    </ClCompile>
    <ClCompile Include="CStatu.cpp">
      <Filter>Engine\Component\Statu</Filter>
    </ClCompile>
    <ClCompile Include="CPlayer.cpp">
      <Filter>Object\Character\Player</Filter>
    </ClCompile>
    <ClCompile Include="CMonster.cpp">
      <Filter>Object\Character\Monster</Filter>
    </ClCompile>
    <ClCompile Include="CMissile.cpp">
      <Filter>Object\Character\Player</Filter>
    </ClCompile>
    <ClCompile Include="CItem.cpp">
      <Filter>Object\Character\Player\item</Filter>
    </ClCompile>
    <ClCompile Include="CSceneMain.cpp">
      <Filter>Scene\Scene_Main</Filter>
    </ClCompile>
    <ClCompile Include="CSceneTest.cpp">
      <Filter>Scene\Scene_Test</Filter>
    </ClCompile>
    <ClCompile Include="CBackGround.cpp">
      <Filter>Object\BackGround</Filter>
    </ClCompile>
    <ClCompile Include="CInOutButton.cpp">
      <Filter>Object\UI\MainButton</Filter>
    </ClCompile>
    <ClCompile Include="CButtonUI.cpp">
      <Filter>Object\UI\ParentUI</Filter>
    </ClCompile>
    <ClCompile Include="CPanelUI.cpp">
      <Filter>Object\UI\ParentUI</Filter>
    </ClCompile>
    <ClCompile Include="CUI.cpp">
      <Filter>Object\UI\ParentUI</Filter>
    </ClCompile>
    <ClCompile Include="CTileButton.cpp">
      <Filter>Object\UI\ToolButton</Filter>
    </ClCompile>
    <ClCompile Include="CScene_Tool.cpp">
      <Filter>Scene\Scene_Test</Filter>
    </ClCompile>
    <ClCompile Include="CSceneVillage.cpp">
      <Filter>Scene\Village</Filter>
    </ClCompile>
    <ClCompile Include="CEquipment.cpp">
      <Filter>Object\Character\Player\item\Equipment</Filter>
    </ClCompile>
    <ClCompile Include="CGameItem.cpp">
      <Filter>Object\Character\Player\item\GameItem</Filter>
    </ClCompile>
    <ClCompile Include="CWeapon.cpp">
      <Filter>Object\Character\Player\item\Equipment\Weapon</Filter>
    </ClCompile>
    <ClCompile Include="CAccessories.cpp">
      <Filter>Object\Character\Player\item\Equipment\Accessories</Filter>
    </ClCompile>
    <ClCompile Include="CPlayerAttack.cpp">
      <Filter>Object\Character\Player</Filter>
    </ClCompile>
  </ItemGroup>
  <ItemGroup>
    <ResourceCompile Include="WinApi2D.rc">
      <Filter>리소스 파일</Filter>
    </ResourceCompile>
  </ItemGroup>
  <ItemGroup>
    <Image Include="small.ico">
      <Filter>리소스 파일</Filter>
    </Image>
    <Image Include="WinApi2D.ico">
      <Filter>리소스 파일</Filter>
    </Image>
  </ItemGroup>
  <ItemGroup>
    <None Include="ClassDiagram1.cd" />
  </ItemGroup>
</Project>